# This file is automatically @generated by Cargo.
# It is not intended for manual editing.
version = 4

[[package]]
name = "arrayref"
version = "0.3.9"
source = "registry+https://github.com/rust-lang/crates.io-index"
checksum = "76a2e8124351fda1ef8aaaa3bbd7ebbcb486bbcd4225aca0aa0d84bb2db8fecb"

[[package]]
name = "autocfg"
version = "1.5.1"
source = "registry+https://github.com/rust-lang/crates.io-index"
checksum = "f2032f911046de80f0a198e0901378627c33f59ea0ac00e363d481118bd70a53"

[[package]]
name = "base64"
version = "0.22.1"
source = "registry+https://github.com/rust-lang/crates.io-index"
checksum = "72b3254f16251a8381aa12e40e3c4d2f0199f8c6508fbecb9d91f575e0fbb8c6"

[[package]]
name = "bitflags"
version = "2.13.1"
source = "registry+https://github.com/rust-lang/crates.io-index"
checksum = "b588b76d00fde79687d7646a9b5bdf3cc0f655e0bbd080335a95d7e96f3587da"

[[package]]
name = "block-buffer"
version = "0.10.4"
source = "registry+https://github.com/rust-lang/crates.io-index"
checksum = "3078c7629b62d3f0439517fa394996acacc5cbc91c5a20d8c658e77abd503a71"
dependencies = [
 "generic-array",
]

[[package]]
name = "borsh"
version = "1.8.0"
source = "registry+https://github.com/rust-lang/crates.io-index"
checksum = "a88b7ea17d208c4193f2c1e6de3c35fe71f98c96982d5ced308bdcc749ff6e1f"
dependencies = [
 "borsh-derive",
 "cfg_aliases",
]

[[package]]
name = "borsh-derive"
version = "1.8.0"
source = "registry+https://github.com/rust-lang/crates.io-index"
checksum = "d8f347189c62a579b8cd5f80714efa178f52e461dc2e6d701d264f5ff22e566c"
dependencies = [
 "once_cell",
 "proc-macro-crate",
 "proc-macro2",
 "quote",
 "syn 2.0.119",
]

[[package]]
name = "bs58"
version = "0.5.1"
source = "registry+https://github.com/rust-lang/crates.io-index"
checksum = "bf88ba1141d185c399bee5288d850d63b8369520c1eafc32a0430b5b6c287bf4"
dependencies = [
 "tinyvec",
]

[[package]]
name = "bumpalo"
version = "3.20.3"
source = "registry+https://github.com/rust-lang/crates.io-index"
checksum = "72f5acc6cb2ba439de613abc23857ec3d78374d8ed5ac84e9d11336e87da8649"

[[package]]
name = "bytemuck"
version = "1.25.2"
source = "registry+https://github.com/rust-lang/crates.io-index"
checksum = "95832e849adfb21180ccb6826a99da14e5d266ae5c2e668e1602cf234f153797"
dependencies = [
 "bytemuck_derive",
]

[[package]]
name = "bytemuck_derive"
version = "1.12.0"
source = "registry+https://github.com/rust-lang/crates.io-index"
checksum = "fc0e56a716f1e132ff6bf4bdac1c944a3fcdc1cae65f70a4a2a1ac3b401d2d1f"
dependencies = [
 "proc-macro2",
 "quote",
 "syn 3.0.3",
]

[[package]]
name = "cfg-if"
version = "1.0.4"
source = "registry+https://github.com/rust-lang/crates.io-index"
checksum = "9330f8b2ff13f34540b44e946ef35111825727b38d33286ef986142615121801"

[[package]]
name = "cfg_aliases"
version = "0.2.2"
source = "registry+https://github.com/rust-lang/crates.io-index"
checksum = "f079e83a288787bcd14a6aea84cee5c87a67c5a3e660c30f557a3d24761b3527"

[[package]]
name = "cpufeatures"
version = "0.2.17"
source = "registry+https://github.com/rust-lang/crates.io-index"
checksum = "59ed5838eebb26a2bb2e58f6d5b5316989ae9d08bab10e0e6d103e656d1b0280"
dependencies = [
 "libc",
]

[[package]]
name = "crypto-common"
version = "0.1.7"
source = "registry+https://github.com/rust-lang/crates.io-index"
checksum = "78c8292055d1c1df0cce5d180393dc8cce0abec0a7102adb6c7b1eef6016d60a"
dependencies = [
 "generic-array",
 "typenum",
]

[[package]]
name = "curve25519-dalek"
version = "4.1.3"
source = "registry+https://github.com/rust-lang/crates.io-index"
checksum = "97fb8b7c4503de7d6ae7b42ab72a5a59857b4c937ec27a3d4539dba95b5ab2be"
dependencies = [
 "cfg-if",
 "cpufeatures",
 "curve25519-dalek-derive",
 "digest",
 "fiat-crypto",
 "rand_core",
 "rustc_version",
 "serde",
 "subtle",
 "zeroize",
]

[[package]]
name = "curve25519-dalek-derive"
version = "0.1.1"
source = "registry+https://github.com/rust-lang/crates.io-index"
checksum = "f46882e17999c6cc590af592290432be3bce0428cb0d5f8b6715e4dc7b383eb3"
dependencies = [
 "proc-macro2",
 "quote",
 "syn 2.0.119",
]

[[package]]
name = "darling"
version = "0.23.0"
source = "registry+https://github.com/rust-lang/crates.io-index"
checksum = "25ae13da2f202d56bd7f91c25fba009e7717a1e4a1cc98a76d844b65ae912e9d"
dependencies = [
 "darling_core",
 "darling_macro",
]

[[package]]
name = "darling_core"
version = "0.23.0"
source = "registry+https://github.com/rust-lang/crates.io-index"
checksum = "9865a50f7c335f53564bb694ef660825eb8610e0a53d3e11bf1b0d3df31e03b0"
dependencies = [
 "ident_case",
 "proc-macro2",
 "quote",
 "strsim",
 "syn 2.0.119",
]

[[package]]
name = "darling_macro"
version = "0.23.0"
source = "registry+https://github.com/rust-lang/crates.io-index"
checksum = "ac3984ec7bd6cfa798e62b4a642426a5be0e68f9401cfc2a01e3fa9ea2fcdb8d"
dependencies = [
 "darling_core",
 "quote",
 "syn 2.0.119",
]

[[package]]
name = "digest"
version = "0.10.7"
source = "registry+https://github.com/rust-lang/crates.io-index"
checksum = "9ed9a281f7bc9b7576e61468ba615a66a5c8cfdff42420a70aa82701a3b1e292"
dependencies = [
 "block-buffer",
 "crypto-common",
]

[[package]]
name = "equivalent"
version = "1.0.2"
source = "registry+https://github.com/rust-lang/crates.io-index"
checksum = "877a4ace8713b0bcf2a4e7eec82529c029f1d0619886d18145fea96c3ffe5c0f"

[[package]]
name = "fiat-crypto"
version = "0.2.9"
source = "registry+https://github.com/rust-lang/crates.io-index"
checksum = "28dea519a9695b9977216879a3ebfddf92f1c08c05d984f8996aecd6ecdc811d"

[[package]]
name = "five8"
version = "1.0.0"
source = "registry+https://github.com/rust-lang/crates.io-index"
checksum = "23f76610e969fa1784327ded240f1e28a3fd9520c9cec93b636fcf62dd37f772"
dependencies = [
 "five8_core",
]

[[package]]
name = "five8_const"
version = "1.0.0"
source = "registry+https://github.com/rust-lang/crates.io-index"
checksum = "1a0f1728185f277989ca573a402716ae0beaaea3f76a8ff87ef9dd8fb19436c5"
dependencies = [
 "five8_core",
]

[[package]]
name = "five8_core"
version = "1.0.0"
source = "registry+https://github.com/rust-lang/crates.io-index"
checksum = "059c31d7d36c43fe39d89e55711858b4da8be7eb6dabac23c7289b1a19489406"

[[package]]
name = "futures-core"
version = "0.3.33"
source = "registry+https://github.com/rust-lang/crates.io-index"
checksum = "2cd50c473c80f6d7c3670a752354b8e569b1a7cbfdc0419ec88e5edad85e0dc7"

[[package]]
name = "futures-task"
version = "0.3.33"
source = "registry+https://github.com/rust-lang/crates.io-index"
checksum = "b231ed28831efb4a61a08580c4bc233ec56bc009f4cd8f52da2c3cb97df0c109"

[[package]]
name = "futures-util"
version = "0.3.33"
source = "registry+https://github.com/rust-lang/crates.io-index"
checksum = "a77a90a256fce34da66415271e30f94ee91c57b04b8a2c042d9cf3220179deaa"
dependencies = [
 "futures-core",
 "futures-task",
 "pin-project-lite",
 "slab",
]

[[package]]
name = "generic-array"
version = "0.14.7"
source = "registry+https://github.com/rust-lang/crates.io-index"
checksum = "85649ca51fd72272d7821adaf274ad91c288277713d9c18820d8499a7ff69e9a"
dependencies = [
 "typenum",
 "version_check",
]

[[package]]
name = "getrandom"
version = "0.2.17"
source = "registry+https://github.com/rust-lang/crates.io-index"
checksum = "ff2abc00be7fca6ebc474524697ae276ad847ad0a6b3faa4bcb027e9a4614ad0"
dependencies = [
 "cfg-if",
 "js-sys",
 "libc",
 "wasi",
 "wasm-bindgen",
]

[[package]]
name = "hashbrown"
version = "0.17.1"
source = "registry+https://github.com/rust-lang/crates.io-index"
checksum = "ed5909b6e89a2db4456e54cd5f673791d7eca6732202bbf2a9cc504fe2f9b84a"

[[package]]
name = "ident_case"
version = "1.0.1"
source = "registry+https://github.com/rust-lang/crates.io-index"
checksum = "b9e0384b61958566e926dc50660321d12159025e767c18e043daf26b70104c39"

[[package]]
name = "indexmap"
version = "2.14.0"
source = "registry+https://github.com/rust-lang/crates.io-index"
checksum = "d466e9454f08e4a911e14806c24e16fba1b4c121d1ea474396f396069cf949d9"
dependencies = [
 "equivalent",
 "hashbrown",
]

[[package]]
name = "js-sys"
version = "0.3.104"
source = "registry+https://github.com/rust-lang/crates.io-index"
checksum = "0e0c1080212aad755ea003d18543e8768dd432c48819efd73a7bf1e39b7a5a3a"
dependencies = [
 "cfg-if",
 "futures-util",
 "wasm-bindgen",
]

[[package]]
name = "libc"
version = "0.2.189"
source = "registry+https://github.com/rust-lang/crates.io-index"
checksum = "3eaf3ede3fee6db1a4c2ee091bf8a8b4dccdc6d17f656fb07896ee72867612f2"

[[package]]
name = "libm"
version = "0.2.16"
source = "registry+https://github.com/rust-lang/crates.io-index"
checksum = "b6d2cec3eae94f9f509c767b45932f1ada8350c4bdb85af2fcab4a3c14807981"

[[package]]
name = "memchr"
version = "2.8.3"
source = "registry+https://github.com/rust-lang/crates.io-index"
checksum = "cf8baf1c55e62ffcace7a9f06f4bd9cd3f0c4beb022d3b367256b91b87513d98"

[[package]]
name = "num-derive"
version = "0.4.2"
source = "registry+https://github.com/rust-lang/crates.io-index"
checksum = "ed3955f1a9c7c0c15e092f9c887db08b1fc683305fdf6eb6684f22555355e202"
dependencies = [
 "proc-macro2",
 "quote",
 "syn 2.0.119",
]

[[package]]
name = "num-traits"
version = "0.2.19"
source = "registry+https://github.com/rust-lang/crates.io-index"
checksum = "071dfc062690e90b734c0b2273ce72ad0ffa95f0c74596bc250dcfd960262841"
dependencies = [
 "autocfg",
 "libm",
]

[[package]]
name = "num_enum"
version = "0.7.6"
source = "registry+https://github.com/rust-lang/crates.io-index"
checksum = "5d0bca838442ec211fa11de3a8b0e0e8f3a4522575b5c4c06ed722e005036f26"
dependencies = [
 "num_enum_derive",
 "rustversion",
]

[[package]]
name = "num_enum_derive"
version = "0.7.6"
source = "registry+https://github.com/rust-lang/crates.io-index"
checksum = "680998035259dcfcafe653688bf2aa6d3e2dc05e98be6ab46afb089dc84f1df8"
dependencies = [
 "proc-macro2",
 "quote",
 "syn 2.0.119",
]

[[package]]
name = "once_cell"
version = "1.21.4"
source = "registry+https://github.com/rust-lang/crates.io-index"
checksum = "9f7c3e4beb33f85d45ae3e3a1792185706c8e16d043238c593331cc7cd313b50"

[[package]]
name = "pastey"
version = "0.2.3"
source = "registry+https://github.com/rust-lang/crates.io-index"
checksum = "2ee67f1008b1ba2321834326597b8e186293b049a023cdef258527550b9935b4"

[[package]]
name = "pin-project-lite"
version = "0.2.17"
source = "registry+https://github.com/rust-lang/crates.io-index"
checksum = "a89322df9ebe1c1578d689c92318e070967d1042b512afbe49518723f4e6d5cd"

[[package]]
name = "proc-macro-crate"
version = "3.5.0"
source = "registry+https://github.com/rust-lang/crates.io-index"
checksum = "e67ba7e9b2b56446f1d419b1d807906278ffa1a658a8a5d8a39dcb1f5a78614f"
dependencies = [
 "toml_edit",
]

[[package]]
name = "proc-macro2"
version = "1.0.107"
source = "registry+https://github.com/rust-lang/crates.io-index"
checksum = "985e7ec9bb745e6ce6535b544d84d6cd6f7ad8bd711c398938ae983b91a766d9"
dependencies = [
 "unicode-ident",
]

[[package]]
name = "quote"
version = "1.0.47"
source = "registry+https://github.com/rust-lang/crates.io-index"
checksum = "1fbf4db142a473a8d80c26bbf18454ed458bf8d26c8219c331daecfdbd079001"
dependencies = [
 "proc-macro2",
]

[[package]]
name = "rand_core"
version = "0.6.4"
source = "registry+https://github.com/rust-lang/crates.io-index"
checksum = "ec0be4795e2f6a28069bec0b5ff3e2ac9bafc99e6a9a7dc3547996c5c816922c"

[[package]]
name = "rustc_version"
version = "0.4.1"
source = "registry+https://github.com/rust-lang/crates.io-index"
checksum = "cfcb3a22ef46e85b45de6ee7e79d063319ebb6594faafcf1c225ea92ab6e9b92"
dependencies = [
 "semver",
]

[[package]]
name = "rustversion"
version = "1.0.23"
source = "registry+https://github.com/rust-lang/crates.io-index"
checksum = "cf54715a573b99ac80df0bc206da022bcd442c974952c7b9720069370852e21f"

[[package]]
name = "sava-solana-upstream-layout-vectors"
version = "0.0.0"
dependencies = [
 "bytemuck",
 "sha2",
 "solana-address",
 "solana-epoch-rewards",
 "solana-epoch-schedule",
 "solana-hash",
 "solana-rent",
 "spl-token-2022-interface",
 "spl-token-group-interface",
 "spl-token-metadata-interface",
 "spl-type-length-value",
 "wincode",
]

[[package]]
name = "semver"
version = "1.0.28"
source = "registry+https://github.com/rust-lang/crates.io-index"
checksum = "8a7852d02fc848982e0c167ef163aaff9cd91dc640ba85e263cb1ce46fae51cd"

[[package]]
name = "serde"
version = "1.0.229"
source = "registry+https://github.com/rust-lang/crates.io-index"
checksum = "4148590afebada386688f18773da617792bf2ef03ffc1e4cbd2b1d45b023e0ba"
dependencies = [
 "serde_core",
 "serde_derive",
]

[[package]]
name = "serde_core"
version = "1.0.229"
source = "registry+https://github.com/rust-lang/crates.io-index"
checksum = "67dca2c9c51e58a4791a4b1ed58308b39c64224d349a935ab5039aa360942a48"
dependencies = [
 "serde_derive",
]

[[package]]
name = "serde_derive"
version = "1.0.229"
source = "registry+https://github.com/rust-lang/crates.io-index"
checksum = "e7a5d71263a5a7d47b41f6b3f06ba276f10cc18b0931f1799f710578e2309348"
dependencies = [
 "proc-macro2",
 "quote",
 "syn 3.0.3",
]

[[package]]
name = "sha2"
version = "0.10.9"
source = "registry+https://github.com/rust-lang/crates.io-index"
checksum = "a7507d819769d01a365ab707794a4084392c824f54a7a6a7862f8c3d0892b283"
dependencies = [
 "cfg-if",
 "cpufeatures",
 "digest",
]

[[package]]
name = "slab"
version = "0.4.12"
source = "registry+https://github.com/rust-lang/crates.io-index"
checksum = "0c790de23124f9ab44544d7ac05d60440adc586479ce501c1d6d7da3cd8c9cf5"

[[package]]
name = "solana-account-info"
version = "3.1.1"
source = "registry+https://github.com/rust-lang/crates.io-index"
checksum = "a9cf16495d9eb53e3d04e72366a33bb1c20c24e78c171d8b8f5978357b63ae95"
dependencies = [
 "solana-address",
 "solana-program-error",
 "solana-program-memory",
]

[[package]]
name = "solana-address"
version = "2.7.0"
source = "registry+https://github.com/rust-lang/crates.io-index"
checksum = "01332a01c0a3098404d55a724c8d9a92aed4a50fe40a7dd0c7a51e29274c14de"
dependencies = [
 "borsh",
 "bytemuck",
 "bytemuck_derive",
 "five8",
 "five8_const",
 "solana-define-syscall 5.2.0",
 "solana-nullable",
 "solana-program-error",
 "solana-sanitize",
 "wincode",
]

[[package]]
name = "solana-borsh"
version = "3.0.2"
source = "registry+https://github.com/rust-lang/crates.io-index"
checksum = "c04abbae16f57178a163125805637b8a076175bb5c0002fb04f4792bea901cf7"
dependencies = [
 "borsh",
]

[[package]]
name = "solana-curve25519"
version = "4.0.1"
source = "registry+https://github.com/rust-lang/crates.io-index"
checksum = "14b4d2a4bf0d0b0a86c22111917e86e8bd39a7b31420fb2c7d73eb83761fc7af"
dependencies = [
 "bytemuck",
 "bytemuck_derive",
 "curve25519-dalek",
 "solana-define-syscall 5.2.0",
 "subtle",
 "thiserror 2.0.20",
]

[[package]]
name = "solana-define-syscall"
version = "4.0.1"
source = "registry+https://github.com/rust-lang/crates.io-index"
checksum = "57e5b1c0bc1d4a4d10c88a4100499d954c09d3fecfae4912c1a074dff68b1738"

[[package]]
name = "solana-define-syscall"
version = "5.2.0"
source = "registry+https://github.com/rust-lang/crates.io-index"
checksum = "bf8209ece2bd9f1450e672858ffc0e5c8c786ff6916d2a862b126dd0128f380f"

[[package]]
name = "solana-epoch-rewards"
version = "3.2.0"
source = "registry+https://github.com/rust-lang/crates.io-index"
checksum = "0788d74ee15778deecaa15ed1a1e37727ba954f86cbc35225450a1f2b5012969"
dependencies = [
 "solana-hash",
 "solana-sdk-macro",
 "wincode",
]

[[package]]
name = "solana-epoch-schedule"
version = "3.3.0"
source = "registry+https://github.com/rust-lang/crates.io-index"
checksum = "a1633cfd10cde127f2caf8f12021b4f8e9a425e7e4eea4326e428c422376d6fd"
dependencies = [
 "solana-sdk-macro",
 "wincode",
]

[[package]]
name = "solana-hash"
version = "4.6.0"
source = "registry+https://github.com/rust-lang/crates.io-index"
checksum = "0df9b01495ed31100aca97a7f5862d5e19ab1636d60d1a9f02391408dd9dec84"
dependencies = [
 "five8",
 "wincode",
]

[[package]]
name = "solana-instruction"
version = "3.5.0"
source = "registry+https://github.com/rust-lang/crates.io-index"
checksum = "d70cf6ece1070a66d25e68274f338f29664794669c175223940a298645ef3495"
dependencies = [
 "solana-define-syscall 5.2.0",
 "solana-instruction-error",
 "solana-pubkey",
]

[[package]]
name = "solana-instruction-error"
version = "2.5.0"
source = "registry+https://github.com/rust-lang/crates.io-index"
checksum = "e8e7db78c122d02189619490b1fef04a2a042c389662920617c0e6381fdf8fdd"
dependencies = [
 "num-traits",
 "solana-program-error",
]

[[package]]
name = "solana-instructions-sysvar"
version = "3.0.1"
source = "registry+https://github.com/rust-lang/crates.io-index"
checksum = "9e0732294560e88ecdb2bbc656e67383e9f88c78ec09469cef172f0d28cd1bcd"
dependencies = [
 "bitflags",
 "solana-account-info",
 "solana-instruction",
 "solana-instruction-error",
 "solana-program-error",
 "solana-sanitize",
 "solana-sdk-ids",
 "solana-serialize-utils",
 "solana-sysvar-id",
]

[[package]]
name = "solana-msg"
version = "3.1.0"
source = "registry+https://github.com/rust-lang/crates.io-index"
checksum = "726b7cbbc6be6f1c6f29146ac824343b9415133eee8cce156452ad1db93f8008"
dependencies = [
 "solana-define-syscall 5.2.0",
]

[[package]]
name = "solana-nullable"
version = "1.3.0"
source = "registry+https://github.com/rust-lang/crates.io-index"
checksum = "889194d8c5faec648f2f6fadddb60566249921ebb074e2707e7095458d5864e2"
dependencies = [
 "borsh",
 "bytemuck",
]

[[package]]
name = "solana-program-error"
version = "3.0.1"
source = "registry+https://github.com/rust-lang/crates.io-index"
checksum = "4f04fa578707b3612b095f0c8e19b66a1233f7c42ca8082fcb3b745afcc0add6"
dependencies = [
 "borsh",
]

[[package]]
name = "solana-program-memory"
version = "3.1.0"
source = "registry+https://github.com/rust-lang/crates.io-index"
checksum = "4068648649653c2c50546e9a7fb761791b5ab0cda054c771bb5808d3a4b9eb52"
dependencies = [
 "solana-define-syscall 4.0.1",
]

[[package]]
name = "solana-program-option"
version = "3.1.0"
source = "registry+https://github.com/rust-lang/crates.io-index"
checksum = "7a88006a9b8594088cec9027ab77caaaa258a2aaa2083d3f086c44b42e50aeab"

[[package]]
name = "solana-program-pack"
version = "3.1.0"
source = "registry+https://github.com/rust-lang/crates.io-index"
checksum = "3d7701cb15b90667ae1c89ef4ac35a59c61e66ce58ddee13d729472af7f41d59"
dependencies = [
 "solana-program-error",
]

[[package]]
name = "solana-pubkey"
version = "4.3.0"
source = "registry+https://github.com/rust-lang/crates.io-index"
checksum = "10f71b7a414de2ced1071f015834e9be581592d013432adbd06d02e4af11eba9"
dependencies = [
 "solana-address",
]

[[package]]
name = "solana-rent"
version = "4.4.0"
source = "registry+https://github.com/rust-lang/crates.io-index"
checksum = "dc016b348926395ba01f8288cdf5da25fc30f5a0806028b32d5e5b3147b10bf9"
dependencies = [
 "solana-sdk-macro",
 "wincode",
]

[[package]]
name = "solana-sanitize"
version = "3.0.1"
source = "registry+https://github.com/rust-lang/crates.io-index"
checksum = "dcf09694a0fc14e5ffb18f9b7b7c0f15ecb6eac5b5610bf76a1853459d19daf9"

[[package]]
name = "solana-sdk-ids"
version = "3.1.0"
source = "registry+https://github.com/rust-lang/crates.io-index"
checksum = "def234c1956ff616d46c9dd953f251fa7096ddbaa6d52b165218de97882b7280"
dependencies = [
 "solana-address",
]

[[package]]
name = "solana-sdk-macro"
version = "3.0.1"
source = "registry+https://github.com/rust-lang/crates.io-index"
checksum = "8765316242300c48242d84a41614cb3388229ec353ba464f6fe62a733e41806f"
dependencies = [
 "bs58",
 "proc-macro2",
 "quote",
 "syn 2.0.119",
]

[[package]]
name = "solana-serialize-utils"
version = "3.1.2"
source = "registry+https://github.com/rust-lang/crates.io-index"
checksum = "761357b0853c9623bf12c1d2314b3d6160a85b087b84c45224fb85766d22616b"
dependencies = [
 "solana-instruction-error",
 "solana-pubkey",
 "solana-sanitize",
]

[[package]]
name = "solana-sha256-hasher"
version = "3.1.0"
source = "registry+https://github.com/rust-lang/crates.io-index"
checksum = "db7dc3011ea4c0334aaaa7e7128cb390ecf546b28d412e9bf2064680f57f588f"
dependencies = [
 "sha2",
 "solana-define-syscall 4.0.1",
 "solana-hash",
]

[[package]]
name = "solana-sysvar-id"
version = "3.1.0"
source = "registry+https://github.com/rust-lang/crates.io-index"
checksum = "17358d1e9a13e5b9c2264d301102126cf11a47fd394cdf3dec174fe7bc96e1de"
dependencies = [
 "solana-address",
 "solana-sdk-ids",
]

[[package]]
name = "solana-zero-copy"
version = "1.2.0"
source = "registry+https://github.com/rust-lang/crates.io-index"
checksum = "bd3183a7934dd7e6490ae86732616cd70361f5ab9401b9a375ab62f7fa17b112"
dependencies = [
 "bytemuck",
 "bytemuck_derive",
]

[[package]]
name = "solana-zk-elgamal-proof-interface"
version = "0.1.3"
source = "registry+https://github.com/rust-lang/crates.io-index"
checksum = "d8da7f01db2148a1dc16261ff1dc6f3930a1e255a33cece4f1b56658694f27f7"
dependencies = [
 "bytemuck",
 "bytemuck_derive",
 "num-derive",
 "num-traits",
 "solana-address",
 "solana-instruction",
 "solana-sdk-ids",
 "solana-zk-sdk-pod",
]

[[package]]
name = "solana-zk-sdk-pod"
version = "0.1.2"
source = "registry+https://github.com/rust-lang/crates.io-index"
checksum = "a800583b7a4cea3e851686af162cc6e4712eef97fa91dfa9aca2459b95c84777"
dependencies = [
 "base64",
 "bytemuck",
 "bytemuck_derive",
 "solana-nullable",
 "thiserror 2.0.20",
]

[[package]]
name = "spl-discriminator"
version = "0.5.2"
source = "registry+https://github.com/rust-lang/crates.io-index"
checksum = "e597c5ff9ed7c74a54dbc47bae2f06e4db8c98f4356ad280200dc11878266db1"
dependencies = [
 "bytemuck",
 "solana-program-error",
 "solana-sha256-hasher",
 "spl-discriminator-derive",
]

[[package]]
name = "spl-discriminator-derive"
version = "0.2.0"
source = "registry+https://github.com/rust-lang/crates.io-index"
checksum = "d9e8418ea6269dcfb01c712f0444d2c75542c04448b480e87de59d2865edc750"
dependencies = [
 "quote",
 "spl-discriminator-syn",
 "syn 2.0.119",
]

[[package]]
name = "spl-discriminator-syn"
version = "0.2.1"
source = "registry+https://github.com/rust-lang/crates.io-index"
checksum = "5d1dbc82ab91422345b6df40a79e2b78c7bce1ebb366da323572dd60b7076b67"
dependencies = [
 "proc-macro2",
 "quote",
 "sha2",
 "syn 2.0.119",
 "thiserror 1.0.69",
]

[[package]]
name = "spl-token-2022-interface"
version = "3.1.1"
source = "registry+https://github.com/rust-lang/crates.io-index"
checksum = "821d96d034ea31c4965d182c742153c491ae0abee531331b55771086c5030d86"
dependencies = [
 "arrayref",
 "bytemuck",
 "getrandom",
 "num-derive",
 "num-traits",
 "num_enum",
 "solana-account-info",
 "solana-address",
 "solana-instruction",
 "solana-nullable",
 "solana-program-error",
 "solana-program-option",
 "solana-program-pack",
 "solana-sdk-ids",
 "solana-zero-copy",
 "solana-zk-elgamal-proof-interface",
 "solana-zk-sdk-pod",
 "spl-token-confidential-transfer-proof-extraction",
 "spl-token-group-interface",
 "spl-token-metadata-interface",
 "spl-type-length-value",
 "thiserror 2.0.20",
]

[[package]]
name = "spl-token-confidential-transfer-proof-extraction"
version = "0.6.1"
source = "registry+https://github.com/rust-lang/crates.io-index"
checksum = "0c1a845ec724e807643a04f1d43439ee3571dd913848112ac76aa90b850eaf7c"
dependencies = [
 "bytemuck",
 "solana-account-info",
 "solana-address",
 "solana-curve25519",
 "solana-instruction",
 "solana-instructions-sysvar",
 "solana-msg",
 "solana-program-error",
 "solana-sdk-ids",
 "solana-zk-elgamal-proof-interface",
 "solana-zk-sdk-pod",
 "thiserror 2.0.20",
]

[[package]]
name = "spl-token-group-interface"
version = "0.7.2"
source = "registry+https://github.com/rust-lang/crates.io-index"
checksum = "841cbd6f2322d02719be4da1affedbe6495b1048b7b985ec9796032564026e22"
dependencies = [
 "bytemuck",
 "num-derive",
 "num-traits",
 "num_enum",
 "solana-address",
 "solana-instruction",
 "solana-nullable",
 "solana-program-error",
 "solana-zero-copy",
 "spl-discriminator",
 "thiserror 2.0.20",
]

[[package]]
name = "spl-token-metadata-interface"
version = "1.0.1"
source = "registry+https://github.com/rust-lang/crates.io-index"
checksum = "3d3d96f175e7022ff200464dfa75a3708a4e9b70c83c4ecd04fe52ee479f4fef"
dependencies = [
 "borsh",
 "num-derive",
 "num-traits",
 "num_enum",
 "solana-address",
 "solana-borsh",
 "solana-instruction",
 "solana-nullable",
 "solana-program-error",
 "spl-discriminator",
 "spl-type-length-value",
 "thiserror 2.0.20",
]

[[package]]
name = "spl-type-length-value"
version = "0.9.1"
source = "registry+https://github.com/rust-lang/crates.io-index"
checksum = "2504631748c48d2a937414d64a12dcac4588d34bd07d355d648619c189d29435"
dependencies = [
 "bytemuck",
 "num-derive",
 "num-traits",
 "num_enum",
 "solana-account-info",
 "solana-program-error",
 "solana-zero-copy",
 "spl-discriminator",
 "thiserror 2.0.20",
]

[[package]]
name = "strsim"
version = "0.11.1"
source = "registry+https://github.com/rust-lang/crates.io-index"
checksum = "7da8b5736845d9f2fcb837ea5d9e2628564b3b043a70948a3f0b778838c5fb4f"

[[package]]
name = "subtle"
version = "2.6.1"
source = "registry+https://github.com/rust-lang/crates.io-index"
checksum = "13c2bddecc57b384dee18652358fb23172facb8a2c51ccc10d74c157bdea3292"

[[package]]
name = "syn"
version = "2.0.119"
source = "registry+https://github.com/rust-lang/crates.io-index"
checksum = "872831b642d1a07999a962a351ed35b955ea2cfc8f3862091e2a240a84f17297"
dependencies = [
 "proc-macro2",
 "quote",
 "unicode-ident",
]

[[package]]
name = "syn"
version = "3.0.3"
source = "registry+https://github.com/rust-lang/crates.io-index"
checksum = "53e9bae58849f64dfa4f5d5ae372c8341f7305f82a3868709269343628b659a3"
dependencies = [
 "proc-macro2",
 "quote",
 "unicode-ident",
]

[[package]]
name = "thiserror"
version = "1.0.69"
source = "registry+https://github.com/rust-lang/crates.io-index"
checksum = "b6aaf5339b578ea85b50e080feb250a3e8ae8cfcdff9a461c9ec2904bc923f52"
dependencies = [
 "thiserror-impl 1.0.69",
]

[[package]]
name = "thiserror"
version = "2.0.20"
source = "registry+https://github.com/rust-lang/crates.io-index"
checksum = "ec86235f5fcc2a73650310756d2ac5b138a5780bbbdfae3eeccec992c435ba4f"
dependencies = [
 "thiserror-impl 2.0.20",
]

[[package]]
name = "thiserror-impl"
version = "1.0.69"
source = "registry+https://github.com/rust-lang/crates.io-index"
checksum = "4fee6c4efc90059e10f81e6d42c60a18f76588c3d74cb83a0b242a2b6c7504c1"
dependencies = [
 "proc-macro2",
 "quote",
 "syn 2.0.119",
]

[[package]]
name = "thiserror-impl"
version = "2.0.20"
source = "registry+https://github.com/rust-lang/crates.io-index"
checksum = "bc04cd3e1236dd4a98afca4569f2deb3f120e5422a4023be2cb683f8486292af"
dependencies = [
 "proc-macro2",
 "quote",
 "syn 3.0.3",
]

[[package]]
name = "tinyvec"
version = "1.12.0"
source = "registry+https://github.com/rust-lang/crates.io-index"
checksum = "bb4ebadaa0af04fab11ae01eb5f9fdb5f9c5b875506e210e71c07873528baa7f"
dependencies = [
 "tinyvec_macros",
]

[[package]]
name = "tinyvec_macros"
version = "0.1.1"
source = "registry+https://github.com/rust-lang/crates.io-index"
checksum = "1f3ccbac311fea05f86f61904b462b55fb3df8837a366dfc601a0161d0532f20"

[[package]]
name = "toml_datetime"
version = "1.1.1+spec-1.1.0"
source = "registry+https://github.com/rust-lang/crates.io-index"
checksum = "3165f65f62e28e0115a00b2ebdd37eb6f3b641855f9d636d3cd4103767159ad7"
dependencies = [
 "serde_core",
]

[[package]]
name = "toml_edit"
version = "0.25.13+spec-1.1.0"
source = "registry+https://github.com/rust-lang/crates.io-index"
checksum = "6975367e4d2ef766d86af01ffad14b622fecc8d4357a998fbc4deb6e9bacaf9b"
dependencies = [
 "indexmap",
 "toml_datetime",
 "toml_parser",
 "winnow",
]

[[package]]
name = "toml_parser"
version = "1.1.3+spec-1.1.0"
source = "registry+https://github.com/rust-lang/crates.io-index"
checksum = "1d38ac1cf9b95face32296c0a3ede1fdc270627c9d9c02a7274dd6d960dc4d56"
dependencies = [
 "winnow",
]

[[package]]
name = "typenum"
version = "1.20.1"
source = "registry+https://github.com/rust-lang/crates.io-index"
checksum = "b6f5e870be6c3b371b77fe0ee0bafb859fa4964b4404c27de1d380043c4dda20"

[[package]]
name = "unicode-ident"
version = "1.0.24"
source = "registry+https://github.com/rust-lang/crates.io-index"
checksum = "e6e4313cd5fcd3dad5cafa179702e2b244f760991f45397d14d4ebf38247da75"

[[package]]
name = "version_check"
version = "0.9.5"
source = "registry+https://github.com/rust-lang/crates.io-index"
checksum = "0b928f33d975fc6ad9f86c8f283853ad26bdd5b10b7f1542aa2fa15e2289105a"

[[package]]
name = "wasi"
version = "0.11.1+wasi-snapshot-preview1"
source = "registry+https://github.com/rust-lang/crates.io-index"
checksum = "ccf3ec651a847eb01de73ccad15eb7d99f80485de043efb2f370cd654f4ea44b"

[[package]]
name = "wasm-bindgen"
version = "0.2.127"
source = "registry+https://github.com/rust-lang/crates.io-index"
checksum = "1b70935747edd64d89de3efa29d73789b806c15798f8e7dca4d8ac356b50ce70"
dependencies = [
 "cfg-if",
 "once_cell",
 "rustversion",
 "wasm-bindgen-macro",
 "wasm-bindgen-shared",
]

[[package]]
name = "wasm-bindgen-macro"
version = "0.2.127"
source = "registry+https://github.com/rust-lang/crates.io-index"
checksum = "77775f8f3f7217702089053b94958f8f54061a3f663417df76e19cbdcca29bc1"
dependencies = [
 "quote",
 "wasm-bindgen-macro-support",
]

[[package]]
name = "wasm-bindgen-macro-support"
version = "0.2.127"
source = "registry+https://github.com/rust-lang/crates.io-index"
checksum = "e11d33f857dc2fb11b8bc75aee111aa9cbeb12cd9f25efd3d4c2a3dd4e235284"
dependencies = [
 "bumpalo",
 "proc-macro2",
 "quote",
 "syn 2.0.119",
 "wasm-bindgen-shared",
]

[[package]]
name = "wasm-bindgen-shared"
version = "0.2.127"
source = "registry+https://github.com/rust-lang/crates.io-index"
checksum = "7ef64dbcc55df09c7e5a46182d181c2cfa3e925f3da937ea764728b4bbb9dcbf"
dependencies = [
 "unicode-ident",
]

[[package]]
name = "wincode"
version = "0.6.1"
source = "registry+https://github.com/rust-lang/crates.io-index"
checksum = "bfc6339f1ba427bf7ad7c42403b28e524832ba2ddb5eef1bb2cc3b85db6b7b75"
dependencies = [
 "pastey",
 "proc-macro2",
 "quote",
 "thiserror 2.0.20",
 "wincode-derive",
]

[[package]]
name = "wincode-derive"
version = "0.5.1"
source = "registry+https://github.com/rust-lang/crates.io-index"
checksum = "11d582d9fc9d813264407a9e16bfa16846ccf15ef032f9bbcd700741bdc00255"
dependencies = [
 "darling",
 "proc-macro2",
 "quote",
 "syn 2.0.119",
]

[[package]]
name = "winnow"
version = "1.0.4"
source = "registry+https://github.com/rust-lang/crates.io-index"
checksum = "23b97319f7b8343df12cc98938e5c3eb436064524c8d2b4e30a1d3a36eecdf81"
dependencies = [
 "memchr",
]

[[package]]
name = "zeroize"
version = "1.9.0"
source = "registry+https://github.com/rust-lang/crates.io-index"
checksum = "e13c156562582aa81c60cb29407084cdb54c4164760106ab78e6c5b0858cf64e"
